Microsoft Visual Studio Solution File, Format Version 11.00
# Visual Studio 2008

Project("{9CDF634C-78F5-DC53-9FD5-CD703FFB971A}") = "FFRK_Companion", "Assembly-CSharp-firstpass-vs.csproj", "{9777A27D-7C0E-34E6-F3F7-1DFA84C35CC3}"
EndProject
Project("{9CDF634C-78F5-DC53-9FD5-CD703FFB971A}") = "FFRK_Companion", "Assembly-CSharp-vs.csproj", "{BB605DF4-E5DA-AF51-9DD8-4831280AEA79}"
EndProject
Project("{9CDF634C-78F5-DC53-9FD5-CD703FFB971A}") = "FFRK_Companion", "Assembly-CSharp-Editor-vs.csproj", "{687CF090-4FD1-BC2F-2BA4-B0701EBAF726}"
EndProject
Global
	GlobalSection(SolutionConfigurationPlatforms) = preSolution
		Debug|Any CPU = Debug|Any CPU
		Release|Any CPU = Release|Any CPU
	EndGlobalSection
	GlobalSection(ProjectConfigurationPlatforms) = postSolution
		{9777A27D-7C0E-34E6-F3F7-1DFA84C35CC3}.Debug|Any CPU.ActiveCfg = Debug|Any CPU
		{9777A27D-7C0E-34E6-F3F7-1DFA84C35CC3}.Debug|Any CPU.Build.0 = Debug|Any CPU
		{9777A27D-7C0E-34E6-F3F7-1DFA84C35CC3}.Release|Any CPU.ActiveCfg = Release|Any CPU
		{9777A27D-7C0E-34E6-F3F7-1DFA84C35CC3}.Release|Any CPU.Build.0 = Release|Any CPU
		{BB605DF4-E5DA-AF51-9DD8-4831280AEA79}.Debug|Any CPU.ActiveCfg = Debug|Any CPU
		{BB605DF4-E5DA-AF51-9DD8-4831280AEA79}.Debug|Any CPU.Build.0 = Debug|Any CPU
		{BB605DF4-E5DA-AF51-9DD8-4831280AEA79}.Release|Any CPU.ActiveCfg = Release|Any CPU
		{BB605DF4-E5DA-AF51-9DD8-4831280AEA79}.Release|Any CPU.Build.0 = Release|Any CPU
		{687CF090-4FD1-BC2F-2BA4-B0701EBAF726}.Debug|Any CPU.ActiveCfg = Debug|Any CPU
		{687CF090-4FD1-BC2F-2BA4-B0701EBAF726}.Debug|Any CPU.Build.0 = Debug|Any CPU
		{687CF090-4FD1-BC2F-2BA4-B0701EBAF726}.Release|Any CPU.ActiveCfg = Release|Any CPU
		{687CF090-4FD1-BC2F-2BA4-B0701EBAF726}.Release|Any CPU.Build.0 = Release|Any CPU
	EndGlobalSection
	GlobalSection(SolutionProperties) = preSolution
		HideSolutionNode = FALSE
	EndGlobalSection
																																																																																		GlobalSection(MonoDevelopProperties) = preSolution
		StartupItem = Assembly-CSharp.csproj
		Policies = $0
		$0.TextStylePolicy = $1
		$1.inheritsSet = null
		$1.scope = text/x-csharp
		$0.CSharpFormattingPolicy = $2
		$2.inheritsSet = Mono
		$2.inheritsScope = text/x-csharp
		$2.scope = text/x-csharp
		$0.TextStylePolicy = $3
		$3.FileWidth = 120
		$3.TabWidth = 4
		$3.IndentWidth = 4
		$3.EolMarker = Unix
		$3.inheritsSet = Mono
		$3.inheritsScope = text/plain
		$3.scope = text/plain
	EndGlobalSection

EndGlobal
